
Microsoft Visual Studio Solution File, Format Version 12.00
# Visual Studio Version 17
VisualStudioVersion = 17.9.34723.18
MinimumVisualStudioVersion = 10.0.40219.1
Project("{FAE04EC0-301F-11D3-BF4B-00C04F79EFBC}") = "MyProject2", "MyProject2\MyProject2.csproj", "{D9C4A4D9-26E8-4AA9-BF01-4EC6A4D7C71E}"
EndProject
Global
	GlobalSection(SolutionConfigurationPlatforms) = preSolution
		Debug|Any CPU = Debug|Any CPU
		Release|Any CPU = Release|Any CPU
	EndGlobalSection
	GlobalSection(ProjectConfigurationPlatforms) = postSolution
		{D9C4A4D9-26E8-4AA9-BF01-4EC6A4D7C71E}.Debug|Any CPU.ActiveCfg = Debug|Any CPU
		{D9C4A4D9-26E8-4AA9-BF01-4EC6A4D7C71E}.Debug|Any CPU.Build.0 = Debug|Any CPU
		{D9C4A4D9-26E8-4AA9-BF01-4EC6A4D7C71E}.Release|Any CPU.ActiveCfg = Release|Any CPU
		{D9C4A4D9-26E8-4AA9-BF01-4EC6A4D7C71E}.Release|Any CPU.Build.0 = Release|Any CPU
	EndGlobalSection
	GlobalSection(SolutionProperties) = preSolution
		HideSolutionNode = FALSE
	EndGlobalSection
	GlobalSection(ExtensibilityGlobals) = postSolution
		SolutionGuid = {267525D4-39DC-4C82-9E59-BBDF56204074}
	EndGlobalSection
EndGlobal
